git.apache.org/thrift.git v0.14.2 h1:RwTWdVWr1A9vj4ZO7prLswg/ZZSqaxAGP08/zBduTVw=
git.apache.org/thrift.git v0.14.2/go.mod h1:fPE2ZNJGynbRyZ4dJvy6G277gSllfV2HJqblrnkyeyg=
github.com/apache/thrift v0.18.1 h1:lNhK/1nqjbwbiOPDBPFJVKxgDEGSepKuTh6OLiXW8kg=
github.com/apache/thrift v0.18.1/go.mod h1:rdQn/dCcDKEWjjylUeueum4vQEjG2v8v2PqriUnbr+I=
github.com/apache/thrift v0.19.0 h1:sOqkWPzMj7w6XaYbJQG7m4sGqVolaW/0D28Ln7yPzMk=
github.com/apache/thrift v0.19.0/go.mod h1:SUALL216IiaOw2Oy+5Vs9lboJ/t9g40C+G07Dc0QC1I=
github.com/apache/thrift v0.20.0 h1:631+KvYbsBZxmuJjYwhezVsrfc/TbqtZV4QcxOX1fOI=
github.com/apache/thrift v0.20.0/go.mod h1:hOk1BQqcp2OLzGsyVXdfMk7YFlMxK3aoEVhjD06QhB8=
github.com/beltran/gohive v1.6.0 h1:VqKaSeYhae4cY9QHfw8uqWZARq9yJdydiOVsqS63KbE=
github.com/beltran/gohive v1.6.0/go.mod h1:IgDi0gD1c73aKKQyS+3j1+NWSNn5NUK7rDcg/Rr6mTs=
github.com/beltran/gohive v1.7.0 h1:Jvz6yrWuAAUWZ1Y84+24NjMcWYkUZZBUE7/sTWtLKY0=
github.com/beltran/gohive v1.7.0/go.mod h1:IgDi0gD1c73aKKQyS+3j1+NWSNn5NUK7rDcg/Rr6mTs=
github.com/beltran/gosasl v0.0.0-20200715011608-d5475aebb293 h1:1wRvU44e78w7zJoynLqrXLKSI+VEFEaWmzyq5JdUx7I=
github.com/beltran/gosasl v0.0.0-20200715011608-d5475aebb293/go.mod h1:Qx8cW6jkI8riyzmklj80kAIkv+iezFUTBiGU0qHhHes=
github.com/beltran/gosasl v0.0.0-20231124144235-92b2e4f10bb6 h1:OPqfeBd/oCkMl9I4D999xqr8ExmXWA6I2tXIKsGlTLQ=
github.com/beltran/gosasl v0.0.0-20231124144235-92b2e4f10bb6/go.mod h1:Qx8cW6jkI8riyzmklj80kAIkv+iezFUTBiGU0qHhHes=
github.com/beltran/gssapi v0.0.0-20200324152954-d86554db4bab h1:ayfcn60tXOSYy5zUN1AMSTQo4nJCf7hrdzAVchpPst4=
github.com/beltran/gssapi v0.0.0-20200324152954-d86554db4bab/go.mod h1:GLe4UoSyvJ3cVG+DVtKen5eAiaD8mAJFuV5PT3Eeg9Q=
github.com/derekgr/hivething v0.0.0-20140519204655-eaa381350ccb h1:JFne/KDc0iuw/bWmDdbHWVMCRIJTdrWDLdtUUwWW/84=
github.com/derekgr/hivething v0.0.0-20140519204655-eaa381350ccb/go.mod h1:jqEE8k+goiVHVx3/AhdN/zEUUUOUcYnbJ8C4+cNMk6M=
github.com/emersion/go-sasl v0.0.0-20231106173351-e73c9f7bad43 h1:hH4PQfOndHDlpzYfLAAfl63E8Le6F2+EL/cdhlkyRJY=
github.com/emersion/go-sasl v0.0.0-20231106173351-e73c9f7bad43/go.mod h1:iL2twTeMvZnrg54ZoPDNfJaJaqy0xIQFuBdrLsmspwQ=
github.com/go-zookeeper/zk v1.0.1 h1:LmXNmSnkNsNKai+aDu6sHRr8ZJzIrHJo8z8Z4sm8cT8=
github.com/go-zookeeper/zk v1.0.1/go.mod h1:gpJdHazfkmlg4V0rt0vYeHYJHSL8hHFwV0qOd+HRTJE=
github.com/go-zookeeper/zk v1.0.3 h1:7M2kwOsc//9VeeFiPtf+uSJlVpU66x9Ba5+8XK7/TDg=
github.com/go-zookeeper/zk v1.0.3/go.mod h1:nOB03cncLtlp4t+UAkGSV+9beXP/akpekBwL+UX1Qcw=
github.com/lwldcr/gohive v0.0.0-20190320032114-268398ecd691 h1:mbouxniYxvQWvg3SdzZWIELJ4uD9KUC+4FavwK1Egg4=
github.com/lwldcr/gohive v0.0.0-20190320032114-268398ecd691/go.mod h1:P5I7DNcZ13u/9uhTxWkiT4s3njG5Y5UDpvT2pBcO0rk=
github.com/pkg/errors v0.9.1 h1:FEBLx1zS214owpjy7qsBeixbURkuhQAwrK5UwLGTwt4=
github.com/pkg/errors v0.9.1/go.mod h1:bwawxfHBFNV+L2hUp1rHADufV3IMtnDRdf1r5NINEl0=
github.com/uxff/gohive v0.0.0-20171220132221-9c38adea8e2b h1:yKiPGYaUDG+4qDfc2iFlWxPUC+1Ih8Q/4kgbXwwKY3o=
github.com/uxff/gohive v0.0.0-20171220132221-9c38adea8e2b/go.mod h1:DhA5mloiH/UXWE/frLMbrdVnMEH2bqDkzPmcQq/W5qk=
sqlflow.org/gohive v0.0.0-20231130013447-c9657f0f21f9 h1:MJVi9OnD/tKNXdRlw3gNEDPNV72I4xwkaBBQdeHNayo=
sqlflow.org/gohive v0.0.0-20231130013447-c9657f0f21f9/go.mod h1:OAU0/vkmdKfZ363QgGTChI35KIBsS63sZWDNWcFFcBM=
